# Python 3.12 / linux-x86_64 wheels used by the pinned Docker image.
shexli==0.2.1 \
    --hash=sha256:223e74bbf9293230fa9f5247e18801af7380ee466be994fc2a4b699d803d65a6
tree-sitter==0.25.0 \
    --hash=sha256:241a90c815a354594d3147012ce470cfc797695ab768e29198815e147ef3c165
tree-sitter-javascript==0.25.0 \
    --hash=sha256:9dc04ba91fc8583344e57c1f1ed5b2c97ecaaf47480011b92fbeab8dda96db75
